lockfileVersion: '9.0'

settings:
  autoInstallPeers: true
  excludeLinksFromLockfile: false

importers:

  .:
    dependencies:
      '@angular/common':
        specifier: ^19.0.0
        version: 19.0.6(@angular/core@19.0.6(rxjs@7.8.1)(zone.js@0.15.0))(rxjs@7.8.1)
      '@angular/core':
        specifier: ^19.0.0
        version: 19.0.6(rxjs@7.8.1)(zone.js@0.15.0)
      '@ng-kiry/button':
        specifier: ^2.5.0
        version: 2.5.0(@angular/common@19.0.6(@angular/core@19.0.6(rxjs@7.8.1)(zone.js@0.15.0))(rxjs@7.8.1))(@angular/core@19.0.6(rxjs@7.8.1)(zone.js@0.15.0))
      '@ng-kiry/tooltip':
        specifier: ^2.2.0
        version: 2.2.0(@angular/common@19.0.6(@angular/core@19.0.6(rxjs@7.8.1)(zone.js@0.15.0))(rxjs@7.8.1))(@angular/core@19.0.6(rxjs@7.8.1)(zone.js@0.15.0))

packages:

  '@angular/common@19.0.6':
    resolution: {integrity: sha512-r9IDD0+UGkrQkjyX+pApeDmIJ9INpr1uYlgmmlWNBJCVNr9SKKIVZV60sssgadew6bGynKN9dW4mGsmEzzb5BA==}
    engines: {node: ^18.19.1 || ^20.11.1 || >=22.0.0}
    peerDependencies:
      '@angular/core': 19.0.6
      rxjs: ^6.5.3 || ^7.4.0

  '@angular/core@19.0.6':
    resolution: {integrity: sha512-9N7FmdRHtS7zfXC/wnyap/reX7fgiOrWpVivayHjWP4RkLYXJAzJIpLyew0jrx4vf8r3lZnC0Zmq0PW007Ngjw==}
    engines: {node: ^18.19.1 || ^20.11.1 || >=22.0.0}
    peerDependencies:
      rxjs: ^6.5.3 || ^7.4.0
      zone.js: ~0.15.0

  '@ng-kiry/button@2.5.0':
    resolution: {integrity: sha512-9SGP6VYdpsxgC0yEqEcz50hU7nkFAefRZY8pxg/GbQxRzzM32cszvg+Er/CU9vvSKRc/Jll2B/KvAe8RU9Dpyw==}
    peerDependencies:
      '@angular/common': ^19.0.0
      '@angular/core': ^19.0.0

  '@ng-kiry/tooltip@2.2.0':
    resolution: {integrity: sha512-7i2Gd20eEctlWTCyV3OlU06bLXFK0iaCCuhxZt9vscGabW5/EQO/BYQrD2XUNzvDRTfz9FrOlaxC5xodonorGQ==}
    peerDependencies:
      '@angular/common': ^19.0.0
      '@angular/core': ^19.0.0

  rxjs@7.8.1:
    resolution: {integrity: sha512-AA3TVj+0A2iuIoQkWEK/tqFjBq2j+6PO6Y0zJcvzLAFhEFIO3HL0vls9hWLncZbAAbK0mar7oZ4V079I/qPMxg==}

  tslib@2.8.1:
    resolution: {integrity: sha512-oJFu94HQb+KVduSUQL7wnpmqnfmLsOA/nAh6b6EH0wCEoK0/mPeXU6c3wKDV83MkOuHPRHtSXKKU99IBazS/2w==}

  zone.js@0.15.0:
    resolution: {integrity: sha512-9oxn0IIjbCZkJ67L+LkhYWRyAy7axphb3VgE2MBDlOqnmHMPWGYMxJxBYFueFq/JGY2GMwS0rU+UCLunEmy5UA==}

snapshots:

  '@angular/common@19.0.6(@angular/core@19.0.6(rxjs@7.8.1)(zone.js@0.15.0))(rxjs@7.8.1)':
    dependencies:
      '@angular/core': 19.0.6(rxjs@7.8.1)(zone.js@0.15.0)
      rxjs: 7.8.1
      tslib: 2.8.1

  '@angular/core@19.0.6(rxjs@7.8.1)(zone.js@0.15.0)':
    dependencies:
      rxjs: 7.8.1
      tslib: 2.8.1
      zone.js: 0.15.0

  '@ng-kiry/button@2.5.0(@angular/common@19.0.6(@angular/core@19.0.6(rxjs@7.8.1)(zone.js@0.15.0))(rxjs@7.8.1))(@angular/core@19.0.6(rxjs@7.8.1)(zone.js@0.15.0))':
    dependencies:
      '@angular/common': 19.0.6(@angular/core@19.0.6(rxjs@7.8.1)(zone.js@0.15.0))(rxjs@7.8.1)
      '@angular/core': 19.0.6(rxjs@7.8.1)(zone.js@0.15.0)

  '@ng-kiry/tooltip@2.2.0(@angular/common@19.0.6(@angular/core@19.0.6(rxjs@7.8.1)(zone.js@0.15.0))(rxjs@7.8.1))(@angular/core@19.0.6(rxjs@7.8.1)(zone.js@0.15.0))':
    dependencies:
      '@angular/common': 19.0.6(@angular/core@19.0.6(rxjs@7.8.1)(zone.js@0.15.0))(rxjs@7.8.1)
      '@angular/core': 19.0.6(rxjs@7.8.1)(zone.js@0.15.0)

  rxjs@7.8.1:
    dependencies:
      tslib: 2.8.1

  tslib@2.8.1: {}

  zone.js@0.15.0: {}
